
Microsoft Visual Studio Solution File, Format Version 12.00
# Visual Studio Version 17
VisualStudioVersion = 17.0.31903.59
MinimumVisualStudioVersion = 10.0.40219.1
Project("{FAE04EC0-301F-11D3-BF4B-00C04F79EFBC}") = "DndPlay.Client", "src\DndPlay.Client\DndPlay.Client.csproj", "{218E7EF3-7C55-4290-BF44-DF8783443E11}"
EndProject
Global
	GlobalSection(SolutionConfigurationPlatforms) = preSolution
		Debug|Any CPU = Debug|Any CPU
		Release|Any CPU = Release|Any CPU
	EndGlobalSection
	GlobalSection(SolutionProperties) = preSolution
		HideSolutionNode = FALSE
	EndGlobalSection
	GlobalSection(ProjectConfigurationPlatforms) = postSolution
		{218E7EF3-7C55-4290-BF44-DF8783443E11}.Debug|Any CPU.ActiveCfg = Debug|Any CPU
		{218E7EF3-7C55-4290-BF44-DF8783443E11}.Debug|Any CPU.Build.0 = Debug|Any CPU
		{218E7EF3-7C55-4290-BF44-DF8783443E11}.Release|Any CPU.ActiveCfg = Release|Any CPU
		{218E7EF3-7C55-4290-BF44-DF8783443E11}.Release|Any CPU.Build.0 = Release|Any CPU
	EndGlobalSection
	GlobalSection(NestedProjects) = preSolution
	EndGlobalSection
EndGlobal
